
Microsoft Visual Studio Solution File, Format Version 12.00
# Visual Studio Version 16
VisualStudioVersion = 25.0.1703.8
MinimumVisualStudioVersion = 10.0.40219.1
Project("{FAE04EC0-301F-11D3-BF4B-00C04F79EFBC}") = "Task1", "Lab9Var2\Task1.csproj", "{2E579B3C-081F-46F0-9087-5E3001EFD17B}"
EndProject
Project("{FAE04EC0-301F-11D3-BF4B-00C04F79EFBC}") = "Task2", "Task2\Task2.csproj", "{2B8B11F6-23C1-4FCD-9984-726B4290E224}"
EndProject
Project("{FAE04EC0-301F-11D3-BF4B-00C04F79EFBC}") = "Task3", "Task3\Task3.csproj", "{D65A425B-E386-46AD-8E01-256201349056}"
EndProject
Project("{FAE04EC0-301F-11D3-BF4B-00C04F79EFBC}") = "Task4", "Task4\Task4.csproj", "{C2921A7D-3BE3-4AA0-92C0-5F01DA7B7564}"
EndProject
Global
	GlobalSection(SolutionConfigurationPlatforms) = preSolution
		Debug|Any CPU = Debug|Any CPU
		Release|Any CPU = Release|Any CPU
	EndGlobalSection
	GlobalSection(ProjectConfigurationPlatforms) = postSolution
		{2E579B3C-081F-46F0-9087-5E3001EFD17B}.Debug|Any CPU.ActiveCfg = Debug|Any CPU
		{2E579B3C-081F-46F0-9087-5E3001EFD17B}.Debug|Any CPU.Build.0 = Debug|Any CPU
		{2E579B3C-081F-46F0-9087-5E3001EFD17B}.Release|Any CPU.ActiveCfg = Release|Any CPU
		{2E579B3C-081F-46F0-9087-5E3001EFD17B}.Release|Any CPU.Build.0 = Release|Any CPU
		{2B8B11F6-23C1-4FCD-9984-726B4290E224}.Debug|Any CPU.ActiveCfg = Debug|Any CPU
		{2B8B11F6-23C1-4FCD-9984-726B4290E224}.Debug|Any CPU.Build.0 = Debug|Any CPU
		{2B8B11F6-23C1-4FCD-9984-726B4290E224}.Release|Any CPU.ActiveCfg = Release|Any CPU
		{2B8B11F6-23C1-4FCD-9984-726B4290E224}.Release|Any CPU.Build.0 = Release|Any CPU
		{D65A425B-E386-46AD-8E01-256201349056}.Debug|Any CPU.ActiveCfg = Debug|Any CPU
		{D65A425B-E386-46AD-8E01-256201349056}.Debug|Any CPU.Build.0 = Debug|Any CPU
		{D65A425B-E386-46AD-8E01-256201349056}.Release|Any CPU.ActiveCfg = Release|Any CPU
		{D65A425B-E386-46AD-8E01-256201349056}.Release|Any CPU.Build.0 = Release|Any CPU
		{C2921A7D-3BE3-4AA0-92C0-5F01DA7B7564}.Debug|Any CPU.ActiveCfg = Debug|Any CPU
		{C2921A7D-3BE3-4AA0-92C0-5F01DA7B7564}.Debug|Any CPU.Build.0 = Debug|Any CPU
		{C2921A7D-3BE3-4AA0-92C0-5F01DA7B7564}.Release|Any CPU.ActiveCfg = Release|Any CPU
		{C2921A7D-3BE3-4AA0-92C0-5F01DA7B7564}.Release|Any CPU.Build.0 = Release|Any CPU
	EndGlobalSection
	GlobalSection(SolutionProperties) = preSolution
		HideSolutionNode = FALSE
	EndGlobalSection
	GlobalSection(ExtensibilityGlobals) = postSolution
		SolutionGuid = {FCAE5283-34FF-4E8F-85FE-E618BA3AFD40}
	EndGlobalSection
EndGlobal
